
Microsoft Visual Studio Solution File, Format Version 12.00
# Visual Studio Version 16
VisualStudioVersion = 16.0.31025.194
MinimumVisualStudioVersion = 10.0.40219.1
Project("{FAE04EC0-301F-11D3-BF4B-00C04F79EFBC}") = "Problem sa zagradama", "Problem sa zagradama\Problem sa zagradama.csproj", "{831352AA-2DD8-4E6A-ADBE-D0BC52B0166E}"
EndProject
Global
	GlobalSection(SolutionConfigurationPlatforms) = preSolution
		Debug|Any CPU = Debug|Any CPU
		Release|Any CPU = Release|Any CPU
	EndGlobalSection
	GlobalSection(ProjectConfigurationPlatforms) = postSolution
		{831352AA-2DD8-4E6A-ADBE-D0BC52B0166E}.Debug|Any CPU.ActiveCfg = Debug|Any CPU
		{831352AA-2DD8-4E6A-ADBE-D0BC52B0166E}.Debug|Any CPU.Build.0 = Debug|Any CPU
		{831352AA-2DD8-4E6A-ADBE-D0BC52B0166E}.Release|Any CPU.ActiveCfg = Release|Any CPU
		{831352AA-2DD8-4E6A-ADBE-D0BC52B0166E}.Release|Any CPU.Build.0 = Release|Any CPU
	EndGlobalSection
	GlobalSection(SolutionProperties) = preSolution
		HideSolutionNode = FALSE
	EndGlobalSection
	GlobalSection(ExtensibilityGlobals) = postSolution
		SolutionGuid = {BBF98175-7271-4225-A290-A1F41DD5CD02}
	EndGlobalSection
EndGlobal
